
Microsoft Visual Studio Solution File, Format Version 12.00
# Visual Studio Version 16
VisualStudioVersion = 16.0.32002.261
MinimumVisualStudioVersion = 10.0.40219.1
Project("{FAE04EC0-301F-11D3-BF4B-00C04F79EFBC}") = "LB11", "LB11.csproj", "{7D4F593E-61BA-4676-86F4-1011ADACE402}"
EndProject
Global
	GlobalSection(SolutionConfigurationPlatforms) = preSolution
		Debug|Any CPU = Debug|Any CPU
		Release|Any CPU = Release|Any CPU
	EndGlobalSection
	GlobalSection(ProjectConfigurationPlatforms) = postSolution
		{7D4F593E-61BA-4676-86F4-1011ADACE402}.Debug|Any CPU.ActiveCfg = Debug|Any CPU
		{7D4F593E-61BA-4676-86F4-1011ADACE402}.Debug|Any CPU.Build.0 = Debug|Any CPU
		{7D4F593E-61BA-4676-86F4-1011ADACE402}.Release|Any CPU.ActiveCfg = Release|Any CPU
		{7D4F593E-61BA-4676-86F4-1011ADACE402}.Release|Any CPU.Build.0 = Release|Any CPU
	EndGlobalSection
	GlobalSection(SolutionProperties) = preSolution
		HideSolutionNode = FALSE
	EndGlobalSection
	GlobalSection(ExtensibilityGlobals) = postSolution
		SolutionGuid = {8249B338-4988-422D-84F9-EF28553D306D}
	EndGlobalSection
EndGlobal
